
Microsoft Visual Studio Solution File, Format Version 11.00
# Visual Studio 2010
Project("{FAE04EC0-301F-11D3-BF4B-00C04F79EFBC}") = "Bottest 2011", "Bottest 2011\Bottest 2011.csproj", "{939985EE-1A31-4797-A4EA-66C4F9BEA415}"
EndProject
Project("{FAE04EC0-301F-11D3-BF4B-00C04F79EFBC}") = "Networkbot", "Networkbot\Networkbot.csproj", "{79645EF6-A498-4C7E-B785-BB89787E16D8}"
EndProject
Project("{FAE04EC0-301F-11D3-BF4B-00C04F79EFBC}") = "NetworkbotClienttest", "NetworkbotClienttest\NetworkbotClienttest.csproj", "{5453A77F-6C88-422A-BFE3-0D652D9B84F0}"
EndProject
Project("{8BC9CEB8-8B4A-11D0-8D11-00A0C91BC942}") = "BotThingy", "SteamConnector\BotThingy\BotThingy.vcxproj", "{EA810D2B-7ECF-4D31-AC2C-687D31B0EF5A}"
EndProject
Project("{FAE04EC0-301F-11D3-BF4B-00C04F79EFBC}") = "OnyTwitter", "OnyTwitter\OnyTwitter.csproj", "{ED85F455-DB16-4D72-92A6-E101AB97AB18}"
EndProject
Project("{8BC9CEB8-8B4A-11D0-8D11-00A0C91BC942}") = "Onymity Cpp test", "Onymity Cpp test\Onymity Cpp test.vcxproj", "{235F9604-E994-496C-BC7C-D7C65F9F001A}"
EndProject
Global
	GlobalSection(SolutionConfigurationPlatforms) = preSolution
		Debug|Mixed Platforms = Debug|Mixed Platforms
		Debug|Win32 = Debug|Win32
		Debug|x86 = Debug|x86
		Release|Mixed Platforms = Release|Mixed Platforms
		Release|Win32 = Release|Win32
		Release|x86 = Release|x86
	EndGlobalSection
	GlobalSection(ProjectConfigurationPlatforms) = postSolution
		{939985EE-1A31-4797-A4EA-66C4F9BEA415}.Debug|Mixed Platforms.ActiveCfg = Debug|x86
		{939985EE-1A31-4797-A4EA-66C4F9BEA415}.Debug|Mixed Platforms.Build.0 = Debug|x86
		{939985EE-1A31-4797-A4EA-66C4F9BEA415}.Debug|Win32.ActiveCfg = Debug|x86
		{939985EE-1A31-4797-A4EA-66C4F9BEA415}.Debug|x86.ActiveCfg = Debug|x86
		{939985EE-1A31-4797-A4EA-66C4F9BEA415}.Debug|x86.Build.0 = Debug|x86
		{939985EE-1A31-4797-A4EA-66C4F9BEA415}.Release|Mixed Platforms.ActiveCfg = Release|x86
		{939985EE-1A31-4797-A4EA-66C4F9BEA415}.Release|Mixed Platforms.Build.0 = Release|x86
		{939985EE-1A31-4797-A4EA-66C4F9BEA415}.Release|Win32.ActiveCfg = Release|x86
		{939985EE-1A31-4797-A4EA-66C4F9BEA415}.Release|x86.ActiveCfg = Release|x86
		{939985EE-1A31-4797-A4EA-66C4F9BEA415}.Release|x86.Build.0 = Release|x86
		{79645EF6-A498-4C7E-B785-BB89787E16D8}.Debug|Mixed Platforms.ActiveCfg = Debug|x86
		{79645EF6-A498-4C7E-B785-BB89787E16D8}.Debug|Mixed Platforms.Build.0 = Debug|x86
		{79645EF6-A498-4C7E-B785-BB89787E16D8}.Debug|Win32.ActiveCfg = Debug|x86
		{79645EF6-A498-4C7E-B785-BB89787E16D8}.Debug|x86.ActiveCfg = Debug|x86
		{79645EF6-A498-4C7E-B785-BB89787E16D8}.Debug|x86.Build.0 = Debug|x86
		{79645EF6-A498-4C7E-B785-BB89787E16D8}.Release|Mixed Platforms.ActiveCfg = Release|x86
		{79645EF6-A498-4C7E-B785-BB89787E16D8}.Release|Mixed Platforms.Build.0 = Release|x86
		{79645EF6-A498-4C7E-B785-BB89787E16D8}.Release|Win32.ActiveCfg = Release|x86
		{79645EF6-A498-4C7E-B785-BB89787E16D8}.Release|x86.ActiveCfg = Release|x86
		{79645EF6-A498-4C7E-B785-BB89787E16D8}.Release|x86.Build.0 = Release|x86
		{5453A77F-6C88-422A-BFE3-0D652D9B84F0}.Debug|Mixed Platforms.ActiveCfg = Debug|x86
		{5453A77F-6C88-422A-BFE3-0D652D9B84F0}.Debug|Mixed Platforms.Build.0 = Debug|x86
		{5453A77F-6C88-422A-BFE3-0D652D9B84F0}.Debug|Win32.ActiveCfg = Debug|x86
		{5453A77F-6C88-422A-BFE3-0D652D9B84F0}.Debug|x86.ActiveCfg = Debug|x86
		{5453A77F-6C88-422A-BFE3-0D652D9B84F0}.Debug|x86.Build.0 = Debug|x86
		{5453A77F-6C88-422A-BFE3-0D652D9B84F0}.Release|Mixed Platforms.ActiveCfg = Release|x86
		{5453A77F-6C88-422A-BFE3-0D652D9B84F0}.Release|Mixed Platforms.Build.0 = Release|x86
		{5453A77F-6C88-422A-BFE3-0D652D9B84F0}.Release|Win32.ActiveCfg = Release|x86
		{5453A77F-6C88-422A-BFE3-0D652D9B84F0}.Release|x86.ActiveCfg = Release|x86
		{5453A77F-6C88-422A-BFE3-0D652D9B84F0}.Release|x86.Build.0 = Release|x86
		{EA810D2B-7ECF-4D31-AC2C-687D31B0EF5A}.Debug|Mixed Platforms.ActiveCfg = Debug|Win32
		{EA810D2B-7ECF-4D31-AC2C-687D31B0EF5A}.Debug|Mixed Platforms.Build.0 = Debug|Win32
		{EA810D2B-7ECF-4D31-AC2C-687D31B0EF5A}.Debug|Win32.ActiveCfg = Debug|Win32
		{EA810D2B-7ECF-4D31-AC2C-687D31B0EF5A}.Debug|Win32.Build.0 = Debug|Win32
		{EA810D2B-7ECF-4D31-AC2C-687D31B0EF5A}.Debug|x86.ActiveCfg = Debug|Win32
		{EA810D2B-7ECF-4D31-AC2C-687D31B0EF5A}.Release|Mixed Platforms.ActiveCfg = Release|Win32
		{EA810D2B-7ECF-4D31-AC2C-687D31B0EF5A}.Release|Mixed Platforms.Build.0 = Release|Win32
		{EA810D2B-7ECF-4D31-AC2C-687D31B0EF5A}.Release|Win32.ActiveCfg = Release|Win32
		{EA810D2B-7ECF-4D31-AC2C-687D31B0EF5A}.Release|Win32.Build.0 = Release|Win32
		{EA810D2B-7ECF-4D31-AC2C-687D31B0EF5A}.Release|x86.ActiveCfg = Release|Win32
		{ED85F455-DB16-4D72-92A6-E101AB97AB18}.Debug|Mixed Platforms.ActiveCfg = Debug|x86
		{ED85F455-DB16-4D72-92A6-E101AB97AB18}.Debug|Mixed Platforms.Build.0 = Debug|x86
		{ED85F455-DB16-4D72-92A6-E101AB97AB18}.Debug|Win32.ActiveCfg = Debug|x86
		{ED85F455-DB16-4D72-92A6-E101AB97AB18}.Debug|x86.ActiveCfg = Debug|x86
		{ED85F455-DB16-4D72-92A6-E101AB97AB18}.Debug|x86.Build.0 = Debug|x86
		{ED85F455-DB16-4D72-92A6-E101AB97AB18}.Release|Mixed Platforms.ActiveCfg = Release|x86
		{ED85F455-DB16-4D72-92A6-E101AB97AB18}.Release|Mixed Platforms.Build.0 = Release|x86
		{ED85F455-DB16-4D72-92A6-E101AB97AB18}.Release|Win32.ActiveCfg = Release|x86
		{ED85F455-DB16-4D72-92A6-E101AB97AB18}.Release|x86.ActiveCfg = Release|x86
		{ED85F455-DB16-4D72-92A6-E101AB97AB18}.Release|x86.Build.0 = Release|x86
		{235F9604-E994-496C-BC7C-D7C65F9F001A}.Debug|Mixed Platforms.ActiveCfg = Debug|Win32
		{235F9604-E994-496C-BC7C-D7C65F9F001A}.Debug|Mixed Platforms.Build.0 = Debug|Win32
		{235F9604-E994-496C-BC7C-D7C65F9F001A}.Debug|Win32.ActiveCfg = Debug|Win32
		{235F9604-E994-496C-BC7C-D7C65F9F001A}.Debug|Win32.Build.0 = Debug|Win32
		{235F9604-E994-496C-BC7C-D7C65F9F001A}.Debug|x86.ActiveCfg = Debug|Win32
		{235F9604-E994-496C-BC7C-D7C65F9F001A}.Release|Mixed Platforms.ActiveCfg = Release|Win32
		{235F9604-E994-496C-BC7C-D7C65F9F001A}.Release|Mixed Platforms.Build.0 = Release|Win32
		{235F9604-E994-496C-BC7C-D7C65F9F001A}.Release|Win32.ActiveCfg = Release|Win32
		{235F9604-E994-496C-BC7C-D7C65F9F001A}.Release|Win32.Build.0 = Release|Win32
		{235F9604-E994-496C-BC7C-D7C65F9F001A}.Release|x86.ActiveCfg = Release|Win32
	EndGlobalSection
	GlobalSection(SolutionProperties) = preSolution
		HideSolutionNode = FALSE
	EndGlobalSection
EndGlobal
